
Microsoft Visual Studio Solution File, Format Version 12.00
# Visual Studio Version 16
VisualStudioVersion = 16.0.30711.63
MinimumVisualStudioVersion = 10.0.40219.1
Project("{E24C65DC-7377-472B-9ABA-BC803B73C61A}") = "ASP.NET_WS1", ".", "{C149AAED-2340-4726-9065-775A476A0BF9}"
	ProjectSection(WebsiteProperties) = preProject
		TargetFrameworkMoniker = ".NETFramework,Version%3Dv4.7.2"
		Debug.AspNetCompiler.VirtualPath = "/localhost_50295"
		Debug.AspNetCompiler.PhysicalPath = "..\ASP.NET_WS1\"
		Debug.AspNetCompiler.TargetPath = "PrecompiledWeb\localhost_50295\"
		Debug.AspNetCompiler.Updateable = "true"
		Debug.AspNetCompiler.ForceOverwrite = "true"
		Debug.AspNetCompiler.FixedNames = "false"
		Debug.AspNetCompiler.Debug = "True"
		Release.AspNetCompiler.VirtualPath = "/localhost_50295"
		Release.AspNetCompiler.PhysicalPath = "..\ASP.NET_WS1\"
		Release.AspNetCompiler.TargetPath = "PrecompiledWeb\localhost_50295\"
		Release.AspNetCompiler.Updateable = "true"
		Release.AspNetCompiler.ForceOverwrite = "true"
		Release.AspNetCompiler.FixedNames = "false"
		Release.AspNetCompiler.Debug = "False"
		VWDPort = "50295"
		DefaultWebSiteLanguage = "Visual C#"
	EndProjectSection
EndProject
Global
	GlobalSection(SolutionConfigurationPlatforms) = preSolution
		Debug|Any CPU = Debug|Any CPU
	EndGlobalSection
	GlobalSection(ProjectConfigurationPlatforms) = postSolution
		{C149AAED-2340-4726-9065-775A476A0BF9}.Debug|Any CPU.ActiveCfg = Debug|Any CPU
		{C149AAED-2340-4726-9065-775A476A0BF9}.Debug|Any CPU.Build.0 = Debug|Any CPU
	EndGlobalSection
	GlobalSection(SolutionProperties) = preSolution
		HideSolutionNode = FALSE
	EndGlobalSection
	GlobalSection(ExtensibilityGlobals) = postSolution
		SolutionGuid = {D6482486-5CF7-45CB-8A24-B17428C0198E}
	EndGlobalSection
EndGlobal
